
Microsoft Visual Studio Solution File, Format Version 12.00
# Visual Studio Version 17
VisualStudioVersion = 17.8.34511.84
MinimumVisualStudioVersion = 10.0.40219.1
Project("{2150E333-8FDC-42A3-9474-1A3956D46DE8}") = "Solution Items", "Solution Items", "{55DB153C-D035-4221-BAFF-25528E88B60D}"
	ProjectSection(SolutionItems) = preProject
		.editorconfig = .editorconfig
	EndProjectSection
EndProject
Project("{9A19103F-16F7-4668-BE54-9A1E7A4F7556}") = "AccessApplication", "AccessApplication\AccessApplication.csproj", "{D6A52FD8-811F-44C1-8FE5-5C1BC3E133C9}"
EndProject
Global
	GlobalSection(SolutionConfigurationPlatforms) = preSolution
		Debug|Any CPU = Debug|Any CPU
		Release|Any CPU = Release|Any CPU
	EndGlobalSection
	GlobalSection(ProjectConfigurationPlatforms) = postSolution
		{D6A52FD8-811F-44C1-8FE5-5C1BC3E133C9}.Debug|Any CPU.ActiveCfg = Debug|Any CPU
		{D6A52FD8-811F-44C1-8FE5-5C1BC3E133C9}.Debug|Any CPU.Build.0 = Debug|Any CPU
		{D6A52FD8-811F-44C1-8FE5-5C1BC3E133C9}.Release|Any CPU.ActiveCfg = Release|Any CPU
		{D6A52FD8-811F-44C1-8FE5-5C1BC3E133C9}.Release|Any CPU.Build.0 = Release|Any CPU
	EndGlobalSection
	GlobalSection(SolutionProperties) = preSolution
		HideSolutionNode = FALSE
	EndGlobalSection
	GlobalSection(ExtensibilityGlobals) = postSolution
		SolutionGuid = {80FD5CF4-BAE0-4C4E-938B-4573286905A2}
	EndGlobalSection
EndGlobal
